
Microsoft Visual Studio Solution File, Format Version 12.00
# Visual Studio Version 17
VisualStudioVersion = 17.0.31912.275
MinimumVisualStudioVersion = 10.0.40219.1
Project("{FAE04EC0-301F-11D3-BF4B-00C04F79EFBC}") = "WebDBSchema", "WebDBSchema\WebDBSchema\WebDBSchema.csproj", "{F8A495AA-6C5E-43E1-96E1-27E1095BF337}"
EndProject
Project("{9A19103F-16F7-4668-BE54-9A1E7A4F7556}") = "InvWeb", "InvWeb\InvWeb.csproj", "{07F69CF4-DC0F-4136-B8B4-9BDCABB4B6C1}"
EndProject
Project("{9A19103F-16F7-4668-BE54-9A1E7A4F7556}") = "CoreLib.Inventory", "CoreLib.Inventory\CoreLib.Inventory.csproj", "{5B38E725-521B-4657-A55C-AC369D101951}"
EndProject
Project("{9A19103F-16F7-4668-BE54-9A1E7A4F7556}") = "Inventory.Basic", "Inventory.Basic\Inventory.Basic.csproj", "{2DC2A725-131E-48F4-8C63-710E03837AFB}"
EndProject
Project("{9A19103F-16F7-4668-BE54-9A1E7A4F7556}") = "Inventory.Basic.UI", "Inventory.Basic.UI\Inventory.Basic.UI.csproj", "{0E1F9E73-8B4B-4E21-B59B-6ECCD7D547A3}"
EndProject
Project("{9A19103F-16F7-4668-BE54-9A1E7A4F7556}") = "WebX", "WebX\WebX.csproj", "{B661966A-850F-46A1-8DCA-1CC2A459A6E2}"
EndProject
Global
	GlobalSection(SolutionConfigurationPlatforms) = preSolution
		Debug|Any CPU = Debug|Any CPU
		Release|Any CPU = Release|Any CPU
	EndGlobalSection
	GlobalSection(ProjectConfigurationPlatforms) = postSolution
		{F8A495AA-6C5E-43E1-96E1-27E1095BF337}.Debug|Any CPU.ActiveCfg = Debug|Any CPU
		{F8A495AA-6C5E-43E1-96E1-27E1095BF337}.Debug|Any CPU.Build.0 = Debug|Any CPU
		{F8A495AA-6C5E-43E1-96E1-27E1095BF337}.Release|Any CPU.ActiveCfg = Release|Any CPU
		{F8A495AA-6C5E-43E1-96E1-27E1095BF337}.Release|Any CPU.Build.0 = Release|Any CPU
		{07F69CF4-DC0F-4136-B8B4-9BDCABB4B6C1}.Debug|Any CPU.ActiveCfg = Debug|Any CPU
		{07F69CF4-DC0F-4136-B8B4-9BDCABB4B6C1}.Debug|Any CPU.Build.0 = Debug|Any CPU
		{07F69CF4-DC0F-4136-B8B4-9BDCABB4B6C1}.Release|Any CPU.ActiveCfg = Release|Any CPU
		{07F69CF4-DC0F-4136-B8B4-9BDCABB4B6C1}.Release|Any CPU.Build.0 = Release|Any CPU
		{5B38E725-521B-4657-A55C-AC369D101951}.Debug|Any CPU.ActiveCfg = Debug|Any CPU
		{5B38E725-521B-4657-A55C-AC369D101951}.Debug|Any CPU.Build.0 = Debug|Any CPU
		{5B38E725-521B-4657-A55C-AC369D101951}.Release|Any CPU.ActiveCfg = Release|Any CPU
		{5B38E725-521B-4657-A55C-AC369D101951}.Release|Any CPU.Build.0 = Release|Any CPU
		{2DC2A725-131E-48F4-8C63-710E03837AFB}.Debug|Any CPU.ActiveCfg = Debug|Any CPU
		{2DC2A725-131E-48F4-8C63-710E03837AFB}.Debug|Any CPU.Build.0 = Debug|Any CPU
		{2DC2A725-131E-48F4-8C63-710E03837AFB}.Release|Any CPU.ActiveCfg = Release|Any CPU
		{2DC2A725-131E-48F4-8C63-710E03837AFB}.Release|Any CPU.Build.0 = Release|Any CPU
		{0E1F9E73-8B4B-4E21-B59B-6ECCD7D547A3}.Debug|Any CPU.ActiveCfg = Debug|Any CPU
		{0E1F9E73-8B4B-4E21-B59B-6ECCD7D547A3}.Debug|Any CPU.Build.0 = Debug|Any CPU
		{0E1F9E73-8B4B-4E21-B59B-6ECCD7D547A3}.Release|Any CPU.ActiveCfg = Release|Any CPU
		{0E1F9E73-8B4B-4E21-B59B-6ECCD7D547A3}.Release|Any CPU.Build.0 = Release|Any CPU
		{B661966A-850F-46A1-8DCA-1CC2A459A6E2}.Debug|Any CPU.ActiveCfg = Debug|Any CPU
		{B661966A-850F-46A1-8DCA-1CC2A459A6E2}.Debug|Any CPU.Build.0 = Debug|Any CPU
		{B661966A-850F-46A1-8DCA-1CC2A459A6E2}.Release|Any CPU.ActiveCfg = Release|Any CPU
		{B661966A-850F-46A1-8DCA-1CC2A459A6E2}.Release|Any CPU.Build.0 = Release|Any CPU
	EndGlobalSection
	GlobalSection(SolutionProperties) = preSolution
		HideSolutionNode = FALSE
	EndGlobalSection
	GlobalSection(ExtensibilityGlobals) = postSolution
		SolutionGuid = {76C6498A-993D-4D1B-8A88-C496E545DF9D}
	EndGlobalSection
EndGlobal
