
Microsoft Visual Studio Solution File, Format Version 12.00
# Visual Studio Version 16
VisualStudioVersion = 16.0.31205.134
MinimumVisualStudioVersion = 10.0.40219.1
Project("{FAE04EC0-301F-11D3-BF4B-00C04F79EFBC}") = "WebDBSchema", "WebDBSchema\WebDBSchema\WebDBSchema.csproj", "{F8A495AA-6C5E-43E1-96E1-27E1095BF337}"
EndProject
Project("{9A19103F-16F7-4668-BE54-9A1E7A4F7556}") = "InvWeb", "InvWeb\InvWeb.csproj", "{07F69CF4-DC0F-4136-B8B4-9BDCABB4B6C1}"
EndProject
Global
	GlobalSection(SolutionConfigurationPlatforms) = preSolution
		Debug|Any CPU = Debug|Any CPU
		Release|Any CPU = Release|Any CPU
	EndGlobalSection
	GlobalSection(ProjectConfigurationPlatforms) = postSolution
		{F8A495AA-6C5E-43E1-96E1-27E1095BF337}.Debug|Any CPU.ActiveCfg = Debug|Any CPU
		{F8A495AA-6C5E-43E1-96E1-27E1095BF337}.Debug|Any CPU.Build.0 = Debug|Any CPU
		{F8A495AA-6C5E-43E1-96E1-27E1095BF337}.Release|Any CPU.ActiveCfg = Release|Any CPU
		{F8A495AA-6C5E-43E1-96E1-27E1095BF337}.Release|Any CPU.Build.0 = Release|Any CPU
		{07F69CF4-DC0F-4136-B8B4-9BDCABB4B6C1}.Debug|Any CPU.ActiveCfg = Debug|Any CPU
		{07F69CF4-DC0F-4136-B8B4-9BDCABB4B6C1}.Debug|Any CPU.Build.0 = Debug|Any CPU
		{07F69CF4-DC0F-4136-B8B4-9BDCABB4B6C1}.Release|Any CPU.ActiveCfg = Release|Any CPU
		{07F69CF4-DC0F-4136-B8B4-9BDCABB4B6C1}.Release|Any CPU.Build.0 = Release|Any CPU
	EndGlobalSection
	GlobalSection(SolutionProperties) = preSolution
		HideSolutionNode = FALSE
	EndGlobalSection
	GlobalSection(ExtensibilityGlobals) = postSolution
		SolutionGuid = {76C6498A-993D-4D1B-8A88-C496E545DF9D}
	EndGlobalSection
EndGlobal
