
Microsoft Visual Studio Solution File, Format Version 12.00
# Visual Studio Version 17
VisualStudioVersion = 17.1.32210.238
MinimumVisualStudioVersion = 10.0.40219.1
Project("{9A19103F-16F7-4668-BE54-9A1E7A4F7556}") = "InvWeb", "InvWeb\InvWeb.csproj", "{07F69CF4-DC0F-4136-B8B4-9BDCABB4B6C1}"
EndProject
Project("{2150E333-8FDC-42A3-9474-1A3956D46DE8}") = "PageSettings", "PageSettings", "{647AAB86-C196-4F4F-87D1-9624EA4FB8A1}"
EndProject
Project("{2150E333-8FDC-42A3-9474-1A3956D46DE8}") = "Shared", "Shared", "{4436F410-29EF-459C-B8FD-7F4F43653BFA}"
EndProject
Project("{9A19103F-16F7-4668-BE54-9A1E7A4F7556}") = "PageConfigShared", "PageSettings\Shared\PageConfigShared\PageConfigShared.csproj", "{876383FC-61E0-4777-901C-03E9DED14BCA}"
EndProject
Project("{9A19103F-16F7-4668-BE54-9A1E7A4F7556}") = "PageObjectShared", "PageSettings\Shared\PageObjectShared\PageObjectShared.csproj", "{DD59C3B8-2186-4F92-B6F8-E3A123B77D75}"
EndProject
Project("{9A19103F-16F7-4668-BE54-9A1E7A4F7556}") = "PageConfigService", "PageSettings\PageConfigService\PageConfigService.csproj", "{7D6ABA3A-CC28-4939-947A-D47A781AB3D1}"
EndProject
Project("{2150E333-8FDC-42A3-9474-1A3956D46DE8}") = "PageViews", "PageViews", "{D9EA8375-18DC-46A6-95B1-7D390B2BA2CD}"
EndProject
Project("{2150E333-8FDC-42A3-9474-1A3956D46DE8}") = "PageModels", "PageModels", "{88E0DB22-704F-4BE1-94DE-1B4053308B8B}"
EndProject
Project("{9A19103F-16F7-4668-BE54-9A1E7A4F7556}") = "ReportViewModel", "PageSettings\PageModels\ReportViewModel\ReportViewModel.csproj", "{2D97FAEB-3AD4-4B10-A3F7-8372393F38DC}"
EndProject
Project("{9A19103F-16F7-4668-BE54-9A1E7A4F7556}") = "ReportBasicViews", "PageSettings\PageViews\ReportBasicViews\ReportBasicViews.csproj", "{17622D97-D6D8-49E8-8144-A3CFAAE135A1}"
EndProject
Project("{2150E333-8FDC-42A3-9474-1A3956D46DE8}") = "ClientConfig", "ClientConfig", "{32AD9F5F-9FFA-4331-975D-865709952655}"
EndProject
Project("{9A19103F-16F7-4668-BE54-9A1E7A4F7556}") = "VproConfig", "PageSettings\ClientConfig\VproConfig\VproConfig.csproj", "{A07814FB-85C9-4487-95FC-053B6ACABBC7}"
EndProject
Project("{9A19103F-16F7-4668-BE54-9A1E7A4F7556}") = "BaseConfig", "PageSettings\ClientConfig\BaseConfig\BaseConfig.csproj", "{C48552B9-C899-4849-891E-A1F4AABAEA4B}"
EndProject
Project("{9A19103F-16F7-4668-BE54-9A1E7A4F7556}") = "ObjectConfigService", "PageSettings\ObjectConfigService\ObjectConfigService.csproj", "{3AF02A91-DF5F-405D-B48C-FF7E701DB90D}"
EndProject
Project("{2150E333-8FDC-42A3-9474-1A3956D46DE8}") = "ClientObject", "ClientObject", "{589D88F3-32B9-42BB-851E-1768D9D6DEAD}"
EndProject
Project("{9A19103F-16F7-4668-BE54-9A1E7A4F7556}") = "BaseObject", "PageSettings\ClientObject\BaseObject\BaseObject.csproj", "{F91BBC81-25B7-4596-AF64-6D13B8B63827}"
EndProject
Project("{9A19103F-16F7-4668-BE54-9A1E7A4F7556}") = "vproObject", "PageSettings\ClientObject\vproObject\vproObject.csproj", "{0EBF7C62-CA8C-4C6F-AD1C-E157AE1012F1}"
EndProject
Project("{2150E333-8FDC-42A3-9474-1A3956D46DE8}") = "Views", "Views", "{65C0FFBD-79A4-41D6-AD91-7E11381ACE3E}"
EndProject
Project("{9A19103F-16F7-4668-BE54-9A1E7A4F7556}") = "CoreLib", "CoreLib\CoreLib.csproj", "{40404643-BC60-48E6-84D8-8605AEE7D2BA}"
EndProject
Project("{2150E333-8FDC-42A3-9474-1A3956D46DE8}") = "Modules", "Modules", "{91635FA3-9938-44C6-B789-6DD7DF890FFD}"
EndProject
Project("{2150E333-8FDC-42A3-9474-1A3956D46DE8}") = "Inventory", "Inventory", "{DBFA256A-0784-447C-B76C-4BB331B103B9}"
EndProject
Project("{9A19103F-16F7-4668-BE54-9A1E7A4F7556}") = "Inventory", "Modules\Inventory\Inventory.csproj", "{53CE67E7-5CEA-41E9-A3BB-43D51A9AF7E2}"
EndProject
Project("{9A19103F-16F7-4668-BE54-9A1E7A4F7556}") = "Inventory20", "Modules\Client\Inventory20\Inventory20.csproj", "{64C26055-8229-4BB2-98FE-3446FBA36C25}"
EndProject
Project("{9A19103F-16F7-4668-BE54-9A1E7A4F7556}") = "DXReporting", "DXReporting\DXReporting.csproj", "{63B15427-ED2D-4D38-BFCC-24ED836F0D99}"
EndProject
Project("{FAE04EC0-301F-11D3-BF4B-00C04F79EFBC}") = "WebDBSchema", "WebDBSchema\WebDBSchema\WebDBSchema.csproj", "{F8A495AA-6C5E-43E1-96E1-27E1095BF337}"
EndProject
Project("{9A19103F-16F7-4668-BE54-9A1E7A4F7556}") = "RealSys.Modules.Reports", "Modules\RealSys.Modules.Reports\RealSys.Modules.Reports.csproj", "{4917511C-7793-4DDD-A9FE-903EB187D82F}"
EndProject
Project("{9A19103F-16F7-4668-BE54-9A1E7A4F7556}") = "ForScaffolding", "ForScaffolding\ForScaffolding.csproj", "{90AEF232-8429-44B2-8A9A-371091D796AB}"
	ProjectSection(ProjectDependencies) = postProject
		{F8A495AA-6C5E-43E1-96E1-27E1095BF337} = {F8A495AA-6C5E-43E1-96E1-27E1095BF337}
	EndProjectSection
EndProject
Global
	GlobalSection(SolutionConfigurationPlatforms) = preSolution
		Debug|Any CPU = Debug|Any CPU
		Release|Any CPU = Release|Any CPU
	EndGlobalSection
	GlobalSection(ProjectConfigurationPlatforms) = postSolution
		{07F69CF4-DC0F-4136-B8B4-9BDCABB4B6C1}.Debug|Any CPU.ActiveCfg = Debug|Any CPU
		{07F69CF4-DC0F-4136-B8B4-9BDCABB4B6C1}.Debug|Any CPU.Build.0 = Debug|Any CPU
		{07F69CF4-DC0F-4136-B8B4-9BDCABB4B6C1}.Release|Any CPU.ActiveCfg = Release|Any CPU
		{07F69CF4-DC0F-4136-B8B4-9BDCABB4B6C1}.Release|Any CPU.Build.0 = Release|Any CPU
		{876383FC-61E0-4777-901C-03E9DED14BCA}.Debug|Any CPU.ActiveCfg = Debug|Any CPU
		{876383FC-61E0-4777-901C-03E9DED14BCA}.Debug|Any CPU.Build.0 = Debug|Any CPU
		{876383FC-61E0-4777-901C-03E9DED14BCA}.Release|Any CPU.ActiveCfg = Release|Any CPU
		{876383FC-61E0-4777-901C-03E9DED14BCA}.Release|Any CPU.Build.0 = Release|Any CPU
		{DD59C3B8-2186-4F92-B6F8-E3A123B77D75}.Debug|Any CPU.ActiveCfg = Debug|Any CPU
		{DD59C3B8-2186-4F92-B6F8-E3A123B77D75}.Debug|Any CPU.Build.0 = Debug|Any CPU
		{DD59C3B8-2186-4F92-B6F8-E3A123B77D75}.Release|Any CPU.ActiveCfg = Release|Any CPU
		{DD59C3B8-2186-4F92-B6F8-E3A123B77D75}.Release|Any CPU.Build.0 = Release|Any CPU
		{7D6ABA3A-CC28-4939-947A-D47A781AB3D1}.Debug|Any CPU.ActiveCfg = Debug|Any CPU
		{7D6ABA3A-CC28-4939-947A-D47A781AB3D1}.Debug|Any CPU.Build.0 = Debug|Any CPU
		{7D6ABA3A-CC28-4939-947A-D47A781AB3D1}.Release|Any CPU.ActiveCfg = Release|Any CPU
		{7D6ABA3A-CC28-4939-947A-D47A781AB3D1}.Release|Any CPU.Build.0 = Release|Any CPU
		{2D97FAEB-3AD4-4B10-A3F7-8372393F38DC}.Debug|Any CPU.ActiveCfg = Debug|Any CPU
		{2D97FAEB-3AD4-4B10-A3F7-8372393F38DC}.Debug|Any CPU.Build.0 = Debug|Any CPU
		{2D97FAEB-3AD4-4B10-A3F7-8372393F38DC}.Release|Any CPU.ActiveCfg = Release|Any CPU
		{2D97FAEB-3AD4-4B10-A3F7-8372393F38DC}.Release|Any CPU.Build.0 = Release|Any CPU
		{17622D97-D6D8-49E8-8144-A3CFAAE135A1}.Debug|Any CPU.ActiveCfg = Debug|Any CPU
		{17622D97-D6D8-49E8-8144-A3CFAAE135A1}.Debug|Any CPU.Build.0 = Debug|Any CPU
		{17622D97-D6D8-49E8-8144-A3CFAAE135A1}.Release|Any CPU.ActiveCfg = Release|Any CPU
		{17622D97-D6D8-49E8-8144-A3CFAAE135A1}.Release|Any CPU.Build.0 = Release|Any CPU
		{A07814FB-85C9-4487-95FC-053B6ACABBC7}.Debug|Any CPU.ActiveCfg = Debug|Any CPU
		{A07814FB-85C9-4487-95FC-053B6ACABBC7}.Debug|Any CPU.Build.0 = Debug|Any CPU
		{A07814FB-85C9-4487-95FC-053B6ACABBC7}.Release|Any CPU.ActiveCfg = Release|Any CPU
		{A07814FB-85C9-4487-95FC-053B6ACABBC7}.Release|Any CPU.Build.0 = Release|Any CPU
		{C48552B9-C899-4849-891E-A1F4AABAEA4B}.Debug|Any CPU.ActiveCfg = Debug|Any CPU
		{C48552B9-C899-4849-891E-A1F4AABAEA4B}.Debug|Any CPU.Build.0 = Debug|Any CPU
		{C48552B9-C899-4849-891E-A1F4AABAEA4B}.Release|Any CPU.ActiveCfg = Release|Any CPU
		{C48552B9-C899-4849-891E-A1F4AABAEA4B}.Release|Any CPU.Build.0 = Release|Any CPU
		{3AF02A91-DF5F-405D-B48C-FF7E701DB90D}.Debug|Any CPU.ActiveCfg = Debug|Any CPU
		{3AF02A91-DF5F-405D-B48C-FF7E701DB90D}.Debug|Any CPU.Build.0 = Debug|Any CPU
		{3AF02A91-DF5F-405D-B48C-FF7E701DB90D}.Release|Any CPU.ActiveCfg = Release|Any CPU
		{3AF02A91-DF5F-405D-B48C-FF7E701DB90D}.Release|Any CPU.Build.0 = Release|Any CPU
		{F91BBC81-25B7-4596-AF64-6D13B8B63827}.Debug|Any CPU.ActiveCfg = Debug|Any CPU
		{F91BBC81-25B7-4596-AF64-6D13B8B63827}.Debug|Any CPU.Build.0 = Debug|Any CPU
		{F91BBC81-25B7-4596-AF64-6D13B8B63827}.Release|Any CPU.ActiveCfg = Release|Any CPU
		{F91BBC81-25B7-4596-AF64-6D13B8B63827}.Release|Any CPU.Build.0 = Release|Any CPU
		{0EBF7C62-CA8C-4C6F-AD1C-E157AE1012F1}.Debug|Any CPU.ActiveCfg = Debug|Any CPU
		{0EBF7C62-CA8C-4C6F-AD1C-E157AE1012F1}.Debug|Any CPU.Build.0 = Debug|Any CPU
		{0EBF7C62-CA8C-4C6F-AD1C-E157AE1012F1}.Release|Any CPU.ActiveCfg = Release|Any CPU
		{0EBF7C62-CA8C-4C6F-AD1C-E157AE1012F1}.Release|Any CPU.Build.0 = Release|Any CPU
		{40404643-BC60-48E6-84D8-8605AEE7D2BA}.Debug|Any CPU.ActiveCfg = Debug|Any CPU
		{40404643-BC60-48E6-84D8-8605AEE7D2BA}.Debug|Any CPU.Build.0 = Debug|Any CPU
		{40404643-BC60-48E6-84D8-8605AEE7D2BA}.Release|Any CPU.ActiveCfg = Release|Any CPU
		{40404643-BC60-48E6-84D8-8605AEE7D2BA}.Release|Any CPU.Build.0 = Release|Any CPU
		{53CE67E7-5CEA-41E9-A3BB-43D51A9AF7E2}.Debug|Any CPU.ActiveCfg = Debug|Any CPU
		{53CE67E7-5CEA-41E9-A3BB-43D51A9AF7E2}.Debug|Any CPU.Build.0 = Debug|Any CPU
		{53CE67E7-5CEA-41E9-A3BB-43D51A9AF7E2}.Release|Any CPU.ActiveCfg = Release|Any CPU
		{53CE67E7-5CEA-41E9-A3BB-43D51A9AF7E2}.Release|Any CPU.Build.0 = Release|Any CPU
		{64C26055-8229-4BB2-98FE-3446FBA36C25}.Debug|Any CPU.ActiveCfg = Debug|Any CPU
		{64C26055-8229-4BB2-98FE-3446FBA36C25}.Debug|Any CPU.Build.0 = Debug|Any CPU
		{64C26055-8229-4BB2-98FE-3446FBA36C25}.Release|Any CPU.ActiveCfg = Release|Any CPU
		{64C26055-8229-4BB2-98FE-3446FBA36C25}.Release|Any CPU.Build.0 = Release|Any CPU
		{63B15427-ED2D-4D38-BFCC-24ED836F0D99}.Debug|Any CPU.ActiveCfg = Debug|Any CPU
		{63B15427-ED2D-4D38-BFCC-24ED836F0D99}.Debug|Any CPU.Build.0 = Debug|Any CPU
		{63B15427-ED2D-4D38-BFCC-24ED836F0D99}.Release|Any CPU.ActiveCfg = Release|Any CPU
		{63B15427-ED2D-4D38-BFCC-24ED836F0D99}.Release|Any CPU.Build.0 = Release|Any CPU
		{F8A495AA-6C5E-43E1-96E1-27E1095BF337}.Debug|Any CPU.ActiveCfg = Debug|Any CPU
		{F8A495AA-6C5E-43E1-96E1-27E1095BF337}.Debug|Any CPU.Build.0 = Debug|Any CPU
		{F8A495AA-6C5E-43E1-96E1-27E1095BF337}.Release|Any CPU.ActiveCfg = Release|Any CPU
		{F8A495AA-6C5E-43E1-96E1-27E1095BF337}.Release|Any CPU.Build.0 = Release|Any CPU
		{4917511C-7793-4DDD-A9FE-903EB187D82F}.Debug|Any CPU.ActiveCfg = Debug|Any CPU
		{4917511C-7793-4DDD-A9FE-903EB187D82F}.Debug|Any CPU.Build.0 = Debug|Any CPU
		{4917511C-7793-4DDD-A9FE-903EB187D82F}.Release|Any CPU.ActiveCfg = Release|Any CPU
		{4917511C-7793-4DDD-A9FE-903EB187D82F}.Release|Any CPU.Build.0 = Release|Any CPU
		{90AEF232-8429-44B2-8A9A-371091D796AB}.Debug|Any CPU.ActiveCfg = Debug|Any CPU
		{90AEF232-8429-44B2-8A9A-371091D796AB}.Debug|Any CPU.Build.0 = Debug|Any CPU
		{90AEF232-8429-44B2-8A9A-371091D796AB}.Release|Any CPU.ActiveCfg = Release|Any CPU
		{90AEF232-8429-44B2-8A9A-371091D796AB}.Release|Any CPU.Build.0 = Release|Any CPU
	EndGlobalSection
	GlobalSection(SolutionProperties) = preSolution
		HideSolutionNode = FALSE
	EndGlobalSection
	GlobalSection(NestedProjects) = preSolution
		{4436F410-29EF-459C-B8FD-7F4F43653BFA} = {647AAB86-C196-4F4F-87D1-9624EA4FB8A1}
		{876383FC-61E0-4777-901C-03E9DED14BCA} = {4436F410-29EF-459C-B8FD-7F4F43653BFA}
		{DD59C3B8-2186-4F92-B6F8-E3A123B77D75} = {4436F410-29EF-459C-B8FD-7F4F43653BFA}
		{7D6ABA3A-CC28-4939-947A-D47A781AB3D1} = {647AAB86-C196-4F4F-87D1-9624EA4FB8A1}
		{D9EA8375-18DC-46A6-95B1-7D390B2BA2CD} = {647AAB86-C196-4F4F-87D1-9624EA4FB8A1}
		{88E0DB22-704F-4BE1-94DE-1B4053308B8B} = {647AAB86-C196-4F4F-87D1-9624EA4FB8A1}
		{2D97FAEB-3AD4-4B10-A3F7-8372393F38DC} = {88E0DB22-704F-4BE1-94DE-1B4053308B8B}
		{17622D97-D6D8-49E8-8144-A3CFAAE135A1} = {D9EA8375-18DC-46A6-95B1-7D390B2BA2CD}
		{32AD9F5F-9FFA-4331-975D-865709952655} = {647AAB86-C196-4F4F-87D1-9624EA4FB8A1}
		{A07814FB-85C9-4487-95FC-053B6ACABBC7} = {32AD9F5F-9FFA-4331-975D-865709952655}
		{C48552B9-C899-4849-891E-A1F4AABAEA4B} = {32AD9F5F-9FFA-4331-975D-865709952655}
		{3AF02A91-DF5F-405D-B48C-FF7E701DB90D} = {647AAB86-C196-4F4F-87D1-9624EA4FB8A1}
		{589D88F3-32B9-42BB-851E-1768D9D6DEAD} = {647AAB86-C196-4F4F-87D1-9624EA4FB8A1}
		{F91BBC81-25B7-4596-AF64-6D13B8B63827} = {589D88F3-32B9-42BB-851E-1768D9D6DEAD}
		{0EBF7C62-CA8C-4C6F-AD1C-E157AE1012F1} = {589D88F3-32B9-42BB-851E-1768D9D6DEAD}
		{DBFA256A-0784-447C-B76C-4BB331B103B9} = {91635FA3-9938-44C6-B789-6DD7DF890FFD}
		{53CE67E7-5CEA-41E9-A3BB-43D51A9AF7E2} = {DBFA256A-0784-447C-B76C-4BB331B103B9}
		{64C26055-8229-4BB2-98FE-3446FBA36C25} = {DBFA256A-0784-447C-B76C-4BB331B103B9}
		{4917511C-7793-4DDD-A9FE-903EB187D82F} = {DBFA256A-0784-447C-B76C-4BB331B103B9}
	EndGlobalSection
	GlobalSection(ExtensibilityGlobals) = postSolution
		SolutionGuid = {76C6498A-993D-4D1B-8A88-C496E545DF9D}
	EndGlobalSection
EndGlobal
